// !$*UTF8*$!
{
	archiveVersion = 1;
	classes = {
	};
	objectVersion = 50;
	objects = {

/* Begin PBXBuildFile section */
		D80C019522687B9A00C2B3DC /* ViewBehavior.swift in Sources */ = {isa = PBXBuildFile; fileRef = D80C019422687B9A00C2B3DC /* ViewBehavior.swift */; };
		D80C019722688C6100C2B3DC /* UIView.swift in Sources */ = {isa = PBXBuildFile; fileRef = D80C019622688C6100C2B3DC /* UIView.swift */; };
		D80E4A1922635F3D0003D4E4 /* AppDelegate.swift in Sources */ = {isa = PBXBuildFile; fileRef = D80E4A1822635F3D0003D4E4 /* AppDelegate.swift */; };
		D80E4A1B22635F3D0003D4E4 /* ViewController.swift in Sources */ = {isa = PBXBuildFile; fileRef = D80E4A1A22635F3D0003D4E4 /* ViewController.swift */; };
		D80E4A1E22635F3E0003D4E4 /* Main.storyboard in Resources */ = {isa = PBXBuildFile; fileRef = D80E4A1C22635F3E0003D4E4 /* Main.storyboard */; };
		D80E4A2022635F400003D4E4 /* Assets.xcassets in Resources */ = {isa = PBXBuildFile; fileRef = D80E4A1F22635F400003D4E4 /* Assets.xcassets */; };
		D80E4A2322635F400003D4E4 /* LaunchScreen.storyboard in Resources */ = {isa = PBXBuildFile; fileRef = D80E4A2122635F400003D4E4 /* LaunchScreen.storyboard */; };
		D80E4A2B226360150003D4E4 /* SubView1.swift in Sources */ = {isa = PBXBuildFile; fileRef = D80E4A2A226360150003D4E4 /* SubView1.swift */; };
		D80E4A2D226360290003D4E4 /* SubView2.swift in Sources */ = {isa = PBXBuildFile; fileRef = D80E4A2C226360290003D4E4 /* SubView2.swift */; };
		D80E4A2F2263603B0003D4E4 /* SubView3.swift in Sources */ = {isa = PBXBuildFile; fileRef = D80E4A2E2263603B0003D4E4 /* SubView3.swift */; };
		D80E4A312263604C0003D4E4 /* SubView4.swift in Sources */ = {isa = PBXBuildFile; fileRef = D80E4A302263604C0003D4E4 /* SubView4.swift */; };
		D80E4A332263605E0003D4E4 /* SubView5.swift in Sources */ = {isa = PBXBuildFile; fileRef = D80E4A322263605E0003D4E4 /* SubView5.swift */; };
		D80E4A35226360700003D4E4 /* SubView6.swift in Sources */ = {isa = PBXBuildFile; fileRef = D80E4A34226360700003D4E4 /* SubView6.swift */; };
/* End PBXBuildFile section */

/* Begin PBXFileReference section */
		D80C019422687B9A00C2B3DC /* ViewBehavior.swift */ = {isa = PBXFileReference; lastKnownFileType = sourcecode.swift; path = ViewBehavior.swift; sourceTree = "<group>"; };
		D80C019622688C6100C2B3DC /* UIView.swift */ = {isa = PBXFileReference; lastKnownFileType = sourcecode.swift; path = UIView.swift; sourceTree = "<group>"; };
		D80E4A1522635F3D0003D4E4 /* DrawViews.app */ = {isa = PBXFileReference; explicitFileType = wrapper.application; includeInIndex = 0; path = DrawViews.app; sourceTree = BUILT_PRODUCTS_DIR; };
		D80E4A1822635F3D0003D4E4 /* AppDelegate.swift */ = {isa = PBXFileReference; lastKnownFileType = sourcecode.swift; path = AppDelegate.swift; sourceTree = "<group>"; };
		D80E4A1A22635F3D0003D4E4 /* ViewController.swift */ = {isa = PBXFileReference; lastKnownFileType = sourcecode.swift; path = ViewController.swift; sourceTree = "<group>"; };
		D80E4A1D22635F3E0003D4E4 /* Base */ = {isa = PBXFileReference; lastKnownFileType = file.storyboard; name = Base; path = Base.lproj/Main.storyboard; sourceTree = "<group>"; };
		D80E4A1F22635F400003D4E4 /* Assets.xcassets */ = {isa = PBXFileReference; lastKnownFileType = folder.assetcatalog; path = Assets.xcassets; sourceTree = "<group>"; };
		D80E4A2222635F400003D4E4 /* Base */ = {isa = PBXFileReference; lastKnownFileType = file.storyboard; name = Base; path = Base.lproj/LaunchScreen.storyboard; sourceTree = "<group>"; };
		D80E4A2422635F400003D4E4 /* Info.plist */ = {isa = PBXFileReference; lastKnownFileType = text.plist.xml; path = Info.plist; sourceTree = "<group>"; };
		D80E4A2A226360150003D4E4 /* SubView1.swift */ = {isa = PBXFileReference; lastKnownFileType = sourcecode.swift; path = SubView1.swift; sourceTree = "<group>"; };
		D80E4A2C226360290003D4E4 /* SubView2.swift */ = {isa = PBXFileReference; lastKnownFileType = sourcecode.swift; path = SubView2.swift; sourceTree = "<group>"; };
		D80E4A2E2263603B0003D4E4 /* SubView3.swift */ = {isa = PBXFileReference; lastKnownFileType = sourcecode.swift; path = SubView3.swift; sourceTree = "<group>"; };
		D80E4A302263604C0003D4E4 /* SubView4.swift */ = {isa = PBXFileReference; lastKnownFileType = sourcecode.swift; path = SubView4.swift; sourceTree = "<group>"; };
		D80E4A322263605E0003D4E4 /* SubView5.swift */ = {isa = PBXFileReference; lastKnownFileType = sourcecode.swift; path = SubView5.swift; sourceTree = "<group>"; };
		D80E4A34226360700003D4E4 /* SubView6.swift */ = {isa = PBXFileReference; lastKnownFileType = sourcecode.swift; path = SubView6.swift; sourceTree = "<group>"; };
/* End PBXFileReference section */

/* Begin PBXFrameworksBuildPhase section */
		D80E4A1222635F3D0003D4E4 /* Frameworks */ = {
			isa = PBXFrameworksBuildPhase;
			buildActionMask = 2147483647;
			files = (
			);
			runOnlyForDeploymentPostprocessing = 0;
		};
/* End PBXFrameworksBuildPhase section */

/* Begin PBXGroup section */
		D80E4A0C22635F3D0003D4E4 = {
			isa = PBXGroup;
			children = (
				D80E4A1722635F3D0003D4E4 /* DrawViews */,
				D80E4A1622635F3D0003D4E4 /* Products */,
			);
			sourceTree = "<group>";
		};
		D80E4A1622635F3D0003D4E4 /* Products */ = {
			isa = PBXGroup;
			children = (
				D80E4A1522635F3D0003D4E4 /* DrawViews.app */,
			);
			name = Products;
			sourceTree = "<group>";
		};
		D80E4A1722635F3D0003D4E4 /* DrawViews */ = {
			isa = PBXGroup;
			children = (
				D80E4A1822635F3D0003D4E4 /* AppDelegate.swift */,
				D80E4A1A22635F3D0003D4E4 /* ViewController.swift */,
				D80C019622688C6100C2B3DC /* UIView.swift */,
				D80C019422687B9A00C2B3DC /* ViewBehavior.swift */,
				D80E4A1C22635F3E0003D4E4 /* Main.storyboard */,
				D80E4A1F22635F400003D4E4 /* Assets.xcassets */,
				D80E4A2122635F400003D4E4 /* LaunchScreen.storyboard */,
				D80E4A2422635F400003D4E4 /* Info.plist */,
				D80E4A362263A1940003D4E4 /* ViewsClases */,
			);
			path = DrawViews;
			sourceTree = "<group>";
		};
		D80E4A362263A1940003D4E4 /* ViewsClases */ = {
			isa = PBXGroup;
			children = (
				D80E4A302263604C0003D4E4 /* SubView4.swift */,
				D80E4A2E2263603B0003D4E4 /* SubView3.swift */,
				D80E4A2C226360290003D4E4 /* SubView2.swift */,
				D80E4A2A226360150003D4E4 /* SubView1.swift */,
				D80E4A34226360700003D4E4 /* SubView6.swift */,
				D80E4A322263605E0003D4E4 /* SubView5.swift */,
			);
			path = ViewsClases;
			sourceTree = "<group>";
		};
/* End PBXGroup section */

/* Begin PBXNativeTarget section */
		D80E4A1422635F3D0003D4E4 /* DrawViews */ = {
			isa = PBXNativeTarget;
			buildConfigurationList = D80E4A2722635F400003D4E4 /* Build configuration list for PBXNativeTarget "DrawViews" */;
			buildPhases = (
				D80E4A1122635F3D0003D4E4 /* Sources */,
				D80E4A1222635F3D0003D4E4 /* Frameworks */,
				D80E4A1322635F3D0003D4E4 /* Resources */,
			);
			buildRules = (
			);
			dependencies = (
			);
			name = DrawViews;
			productName = DrawViews;
			productReference = D80E4A1522635F3D0003D4E4 /* DrawViews.app */;
			productType = "com.apple.product-type.application";
		};
/* End PBXNativeTarget section */

/* Begin PBXProject section */
		D80E4A0D22635F3D0003D4E4 /* Project object */ = {
			isa = PBXProject;
			attributes = {
				LastSwiftUpdateCheck = 1020;
				LastUpgradeCheck = 1020;
				ORGANIZATIONNAME = VyacheslavKrivoi;
				TargetAttributes = {
					D80E4A1422635F3D0003D4E4 = {
						CreatedOnToolsVersion = 10.2;
					};
				};
			};
			buildConfigurationList = D80E4A1022635F3D0003D4E4 /* Build configuration list for PBXProject "DrawViews" */;
			compatibilityVersion = "Xcode 9.3";
			developmentRegion = en;
			hasScannedForEncodings = 0;
			knownRegions = (
				en,
				Base,
			);
			mainGroup = D80E4A0C22635F3D0003D4E4;
			productRefGroup = D80E4A1622635F3D0003D4E4 /* Products */;
			projectDirPath = "";
			projectRoot = "";
			targets = (
				D80E4A1422635F3D0003D4E4 /* DrawViews */,
			);
		};
/* End PBXProject section */

/* Begin PBXResourcesBuildPhase section */
		D80E4A1322635F3D0003D4E4 /* Resources */ = {
			isa = PBXResourcesBuildPhase;
			buildActionMask = 2147483647;
			files = (
				D80E4A2322635F400003D4E4 /* LaunchScreen.storyboard in Resources */,
				D80E4A2022635F400003D4E4 /* Assets.xcassets in Resources */,
				D80E4A1E22635F3E0003D4E4 /* Main.storyboard in Resources */,
			);
			runOnlyForDeploymentPostprocessing = 0;
		};
/* End PBXResourcesBuildPhase section */

/* Begin PBXSourcesBuildPhase section */
		D80E4A1122635F3D0003D4E4 /* Sources */ = {
			isa = PBXSourcesBuildPhase;
			buildActionMask = 2147483647;
			files = (
				D80C019722688C6100C2B3DC /* UIView.swift in Sources */,
				D80E4A2D226360290003D4E4 /* SubView2.swift in Sources */,
				D80E4A1B22635F3D0003D4E4 /* ViewController.swift in Sources */,
				D80C019522687B9A00C2B3DC /* ViewBehavior.swift in Sources */,
				D80E4A312263604C0003D4E4 /* SubView4.swift in Sources */,
				D80E4A332263605E0003D4E4 /* SubView5.swift in Sources */,
				D80E4A35226360700003D4E4 /* SubView6.swift in Sources */,
				D80E4A1922635F3D0003D4E4 /* AppDelegate.swift in Sources */,
				D80E4A2F2263603B0003D4E4 /* SubView3.swift in Sources */,
				D80E4A2B226360150003D4E4 /* SubView1.swift in Sources */,
			);
			runOnlyForDeploymentPostprocessing = 0;
		};
/* End PBXSourcesBuildPhase section */

/* Begin PBXVariantGroup section */
		D80E4A1C22635F3E0003D4E4 /* Main.storyboard */ = {
			isa = PBXVariantGroup;
			children = (
				D80E4A1D22635F3E0003D4E4 /* Base */,
			);
			name = Main.storyboard;
			sourceTree = "<group>";
		};
		D80E4A2122635F400003D4E4 /* LaunchScreen.storyboard */ = {
			isa = PBXVariantGroup;
			children = (
				D80E4A2222635F400003D4E4 /* Base */,
			);
			name = LaunchScreen.storyboard;
			sourceTree = "<group>";
		};
/* End PBXVariantGroup section */

/* Begin XCBuildConfiguration section */
		D80E4A2522635F400003D4E4 /* Debug */ = {
			isa = XCBuildConfiguration;
			buildSettings = {
				ALWAYS_SEARCH_USER_PATHS = NO;
				CLANG_ANALYZER_NONNULL = YES;
				CLANG_ANALYZER_NUMBER_OBJECT_CONVERSION = YES_AGGRESSIVE;
				CLANG_CXX_LANGUAGE_STANDARD = "gnu++14";
				CLANG_CXX_LIBRARY = "libc++";
				CLANG_ENABLE_MODULES = YES;
				CLANG_ENABLE_OBJC_ARC = YES;
				CLANG_ENABLE_OBJC_WEAK = YES;
				CLANG_WARN_BLOCK_CAPTURE_AUTORELEASING = YES;
				CLANG_WARN_BOOL_CONVERSION = YES;
				CLANG_WARN_COMMA = YES;
				CLANG_WARN_CONSTANT_CONVERSION = YES;
				CLANG_WARN_DEPRECATED_OBJC_IMPLEMENTATIONS = YES;
				CLANG_WARN_DIRECT_OBJC_ISA_USAGE = YES_ERROR;
				CLANG_WARN_DOCUMENTATION_COMMENTS = YES;
				CLANG_WARN_EMPTY_BODY = YES;
				CLANG_WARN_ENUM_CONVERSION = YES;
				CLANG_WARN_INFINITE_RECURSION = YES;
				CLANG_WARN_INT_CONVERSION = YES;
				CLANG_WARN_NON_LITERAL_NULL_CONVERSION = YES;
				CLANG_WARN_OBJC_IMPLICIT_RETAIN_SELF = YES;
				CLANG_WARN_OBJC_LITERAL_CONVERSION = YES;
				CLANG_WARN_OBJC_ROOT_CLASS = YES_ERROR;
				CLANG_WARN_RANGE_LOOP_ANALYSIS = YES;
				CLANG_WARN_STRICT_PROTOTYPES = YES;
				CLANG_WARN_SUSPICIOUS_MOVE = YES;
				CLANG_WARN_UNGUARDED_AVAILABILITY = YES_AGGRESSIVE;
				CLANG_WARN_UNREACHABLE_CODE = YES;
				CLANG_WARN__DUPLICATE_METHOD_MATCH = YES;
				CODE_SIGN_IDENTITY = "iPhone Developer";
				COPY_PHASE_STRIP = NO;
				DEBUG_INFORMATION_FORMAT = dwarf;
				ENABLE_STRICT_OBJC_MSGSEND = YES;
				ENABLE_TESTABILITY = YES;
				GCC_C_LANGUAGE_STANDARD = gnu11;
				GCC_DYNAMIC_NO_PIC = NO;
				GCC_NO_COMMON_BLOCKS = YES;
				GCC_OPTIMIZATION_LEVEL = 0;
				GCC_PREPROCESSOR_DEFINITIONS = (
					"DEBUG=1",
					"$(inherited)",
				);
				GCC_WARN_64_TO_32_BIT_CONVERSION = YES;
				GCC_WARN_ABOUT_RETURN_TYPE = YES_ERROR;
				GCC_WARN_UNDECLARED_SELECTOR = YES;
				GCC_WARN_UNINITIALIZED_AUTOS = YES_AGGRESSIVE;
				GCC_WARN_UNUSED_FUNCTION = YES;
				GCC_WARN_UNUSED_VARIABLE = YES;
				IPHONEOS_DEPLOYMENT_TARGET = 12.2;
				MTL_ENABLE_DEBUG_INFO = INCLUDE_SOURCE;
				MTL_FAST_MATH = YES;
				ONLY_ACTIVE_ARCH = YES;
				SDKROOT = iphoneos;
				SWIFT_ACTIVE_COMPILATION_CONDITIONS = DEBUG;
				SWIFT_OPTIMIZATION_LEVEL = "-Onone";
			};
			name = Debug;
		};
		D80E4A2622635F400003D4E4 /* Release */ = {
			isa = XCBuildConfiguration;
			buildSettings = {
				ALWAYS_SEARCH_USER_PATHS = NO;
				CLANG_ANALYZER_NONNULL = YES;
				CLANG_ANALYZER_NUMBER_OBJECT_CONVERSION = YES_AGGRESSIVE;
				CLANG_CXX_LANGUAGE_STANDARD = "gnu++14";
				CLANG_CXX_LIBRARY = "libc++";
				CLANG_ENABLE_MODULES = YES;
				CLANG_ENABLE_OBJC_ARC = YES;
				CLANG_ENABLE_OBJC_WEAK = YES;
				CLANG_WARN_BLOCK_CAPTURE_AUTORELEASING = YES;
				CLANG_WARN_BOOL_CONVERSION = YES;
				CLANG_WARN_COMMA = YES;
				CLANG_WARN_CONSTANT_CONVERSION = YES;
				CLANG_WARN_DEPRECATED_OBJC_IMPLEMENTATIONS = YES;
				CLANG_WARN_DIRECT_OBJC_ISA_USAGE = YES_ERROR;
				CLANG_WARN_DOCUMENTATION_COMMENTS = YES;
				CLANG_WARN_EMPTY_BODY = YES;
				CLANG_WARN_ENUM_CONVERSION = YES;
				CLANG_WARN_INFINITE_RECURSION = YES;
				CLANG_WARN_INT_CONVERSION = YES;
				CLANG_WARN_NON_LITERAL_NULL_CONVERSION = YES;
				CLANG_WARN_OBJC_IMPLICIT_RETAIN_SELF = YES;
				CLANG_WARN_OBJC_LITERAL_CONVERSION = YES;
				CLANG_WARN_OBJC_ROOT_CLASS = YES_ERROR;
				CLANG_WARN_RANGE_LOOP_ANALYSIS = YES;
				CLANG_WARN_STRICT_PROTOTYPES = YES;
				CLANG_WARN_SUSPICIOUS_MOVE = YES;
				CLANG_WARN_UNGUARDED_AVAILABILITY = YES_AGGRESSIVE;
				CLANG_WARN_UNREACHABLE_CODE = YES;
				CLANG_WARN__DUPLICATE_METHOD_MATCH = YES;
				CODE_SIGN_IDENTITY = "iPhone Developer";
				COPY_PHASE_STRIP = NO;
				DEBUG_INFORMATION_FORMAT = "dwarf-with-dsym";
				ENABLE_NS_ASSERTIONS = NO;
				ENABLE_STRICT_OBJC_MSGSEND = YES;
				GCC_C_LANGUAGE_STANDARD = gnu11;
				GCC_NO_COMMON_BLOCKS = YES;
				GCC_WARN_64_TO_32_BIT_CONVERSION = YES;
				GCC_WARN_ABOUT_RETURN_TYPE = YES_ERROR;
				GCC_WARN_UNDECLARED_SELECTOR = YES;
				GCC_WARN_UNINITIALIZED_AUTOS = YES_AGGRESSIVE;
				GCC_WARN_UNUSED_FUNCTION = YES;
				GCC_WARN_UNUSED_VARIABLE = YES;
				IPHONEOS_DEPLOYMENT_TARGET = 12.2;
				MTL_ENABLE_DEBUG_INFO = NO;
				MTL_FAST_MATH = YES;
				SDKROOT = iphoneos;
				SWIFT_COMPILATION_MODE = wholemodule;
				SWIFT_OPTIMIZATION_LEVEL = "-O";
				VALIDATE_PRODUCT = YES;
			};
			name = Release;
		};
		D80E4A2822635F400003D4E4 /* Debug */ = {
			isa = XCBuildConfiguration;
			buildSettings = {
				ASSETCATALOG_COMPILER_APPICON_NAME = AppIcon;
				CODE_SIGN_STYLE = Automatic;
				INFOPLIST_FILE = DrawViews/Info.plist;
				LD_RUNPATH_SEARCH_PATHS = (
					"$(inherited)",
					"@executable_path/Frameworks",
				);
				PRODUCT_BUNDLE_IDENTIFIER = home.DrawViews;
				PRODUCT_NAME = "$(TARGET_NAME)";
				SWIFT_VERSION = 5.0;
				TARGETED_DEVICE_FAMILY = "1,2";
			};
			name = Debug;
		};
		D80E4A2922635F400003D4E4 /* Release */ = {
			isa = XCBuildConfiguration;
			buildSettings = {
				ASSETCATALOG_COMPILER_APPICON_NAME = AppIcon;
				CODE_SIGN_STYLE = Automatic;
				INFOPLIST_FILE = DrawViews/Info.plist;
				LD_RUNPATH_SEARCH_PATHS = (
					"$(inherited)",
					"@executable_path/Frameworks",
				);
				PRODUCT_BUNDLE_IDENTIFIER = home.DrawViews;
				PRODUCT_NAME = "$(TARGET_NAME)";
				SWIFT_VERSION = 5.0;
				TARGETED_DEVICE_FAMILY = "1,2";
			};
			name = Release;
		};
/* End XCBuildConfiguration section */

/* Begin XCConfigurationList section */
		D80E4A1022635F3D0003D4E4 /* Build configuration list for PBXProject "DrawViews" */ = {
			isa = XCConfigurationList;
			buildConfigurations = (
				D80E4A2522635F400003D4E4 /* Debug */,
				D80E4A2622635F400003D4E4 /* Release */,
			);
			defaultConfigurationIsVisible = 0;
			defaultConfigurationName = Release;
		};
		D80E4A2722635F400003D4E4 /* Build configuration list for PBXNativeTarget "DrawViews" */ = {
			isa = XCConfigurationList;
			buildConfigurations = (
				D80E4A2822635F400003D4E4 /* Debug */,
				D80E4A2922635F400003D4E4 /* Release */,
			);
			defaultConfigurationIsVisible = 0;
			defaultConfigurationName = Release;
		};
/* End XCConfigurationList section */
	};
	rootObject = D80E4A0D22635F3D0003D4E4 /* Project object */;
}
